{
  "name": "log-output",
  "version": "1.0.0",
  "lockfileVersion": 3,
  "requires": true,
  "packages": {
    "": {
      "name": "log-output",
      "version": "1.0.0",
      "license": "ISC",
      "dependencies": {
        "random-hash": "^4.0.1"
      }
    },
    "node_modules/random-hash": {
      "version": "4.0.1",
      "resolved": "https://registry.npmjs.org/random-hash/-/random-hash-4.0.1.tgz",
      "integrity": "sha512-DXtQo3p1jWF3Wj+1OKZzZrQRdOEIcMkpM9GeYAWXCYf0k36OEQSFkWOsaqVQ37ltQgJuzjP9Mzey3DUIuuI2wA=="
    }
  }
}
